
Microsoft Visual Studio Solution File, Format Version 12.00
# Visual Studio Version 17
VisualStudioVersion = 17.7.34302.85
MinimumVisualStudioVersion = 10.0.40219.1
Project("{8BC9CEB8-8B4A-11D0-8D11-00A0C91BC942}") = "TC24_Demo_2024T1", "TC24_Demo_2024T1\TC24_Demo_2024T1.vcxproj", "{CA2FBCED-4E04-4A99-9219-324D44A5CFB4}"
EndProject
Global
	GlobalSection(SolutionConfigurationPlatforms) = preSolution
		Debug|x64 = Debug|x64
		Release|x64 = Release|x64
	EndGlobalSection
	GlobalSection(ProjectConfigurationPlatforms) = postSolution
		{CA2FBCED-4E04-4A99-9219-324D44A5CFB4}.Debug|x64.ActiveCfg = Debug|x64
		{CA2FBCED-4E04-4A99-9219-324D44A5CFB4}.Debug|x64.Build.0 = Debug|x64
		{CA2FBCED-4E04-4A99-9219-324D44A5CFB4}.Release|x64.ActiveCfg = Release|x64
		{CA2FBCED-4E04-4A99-9219-324D44A5CFB4}.Release|x64.Build.0 = Release|x64
	EndGlobalSection
	GlobalSection(SolutionProperties) = preSolution
		HideSolutionNode = FALSE
	EndGlobalSection
	GlobalSection(ExtensibilityGlobals) = postSolution
		SolutionGuid = {0FD33C34-4C49-4639-BC7D-4070E53F5270}
	EndGlobalSection
EndGlobal
